{
  "name": "nomms",
  "version": "1.0.0",
  "lockfileVersion": 1,
  "requires": true,
  "dependencies": {
    "file-saver": {
      "version": "2.0.0-rc.3",
      "resolved": "https://registry.npmjs.org/file-saver/-/file-saver-2.0.0-rc.3.tgz",
      "integrity": "sha512-LZ89x9kYxsAbJFoeLFiD5dRQnGoppXn3NLmPuULYyiKeAcEHQ8TTUwzGAEWT1VjoNGCapP3z+OG2qrwPoas80Q=="
    },
    "requirejs": {
      "version": "2.3.6",
      "resolved": "https://registry.npmjs.org/requirejs/-/requirejs-2.3.6.tgz",
      "integrity": "sha512-ipEzlWQe6RK3jkzikgCupiTbTvm4S0/CAU5GlgptkN5SO6F3u0UD0K18wy6ErDqiCyP4J4YYe1HuAShvsxePLg=="
    }
  }
}
